{
  "name": "relock-npm-lock-v2-v76tfj",
  "lockfileVersion": 3,
  "requires": true,
  "packages": {
    "": {
      "dependencies": {
        "@huggingface/inference": "^3.5.2"
      }
    },
    "node_modules/@huggingface/inference": {
      "version": "3.5.2",
      "resolved": "https://registry.npmjs.org/@huggingface/inference/-/inference-3.5.2.tgz",
      "integrity": "sha512-MIB1iZTtTBclIFmRL2fbkoxZTuMjziezx87nUzzsPwCX96c+ciilWV+QQZOjOmBlx1ZrfSuJbhwZ1pylSENZnQ==",
      "license": "MIT",
      "dependencies": {
        "@huggingface/tasks": "^0.17.4"
      },
      "engines": {
        "node": ">=18"
      }
    },
    "node_modules/@huggingface/tasks": {
      "version": "0.17.9",
      "resolved": "https://registry.npmjs.org/@huggingface/tasks/-/tasks-0.17.9.tgz",
      "integrity": "sha512-lV6RgCJkqy3p93FFxP9H4SGJmFcHAwr1FO+Zk56q/JWsf7Tdsel1DEo1Xfd3An7ZPWpc2Y9ldRecGo9efDYghg==",
      "license": "MIT"
    }
  }
}
